// !$*UTF8*$!
{
	archiveVersion = 1;
	classes = {
	};
	objectVersion = 46;
	objects = {

/* Begin PBXBuildFile section */
		054B70491D3D178B00CED8C0 /* V1.0_To_V1.1.xcmappingmodel in Sources */ = {isa = PBXBuildFile; fileRef = 054B70481D3D178B00CED8C0 /* V1.0_To_V1.1.xcmappingmodel */; };
		054B704E1D3D183A00CED8C0 /* Clothes+CoreDataProperties.m in Sources */ = {isa = PBXBuildFile; fileRef = 054B704B1D3D183A00CED8C0 /* Clothes+CoreDataProperties.m */; };
		054B704F1D3D183A00CED8C0 /* Clothes.m in Sources */ = {isa = PBXBuildFile; fileRef = 054B704D1D3D183A00CED8C0 /* Clothes.m */; };
		056A28FC1D3CCB64005041A7 /* main.m in Sources */ = {isa = PBXBuildFile; fileRef = 056A28FB1D3CCB64005041A7 /* main.m */; };
		056A28FF1D3CCB64005041A7 /* AppDelegate.m in Sources */ = {isa = PBXBuildFile; fileRef = 056A28FE1D3CCB64005041A7 /* AppDelegate.m */; };
		056A29021D3CCB64005041A7 /* ViewController.m in Sources */ = {isa = PBXBuildFile; fileRef = 056A29011D3CCB64005041A7 /* ViewController.m */; };
		056A29051D3CCB64005041A7 /* Main.storyboard in Resources */ = {isa = PBXBuildFile; fileRef = 056A29031D3CCB64005041A7 /* Main.storyboard */; };
		056A29081D3CCB64005041A7 /* NSCoreData.xcdatamodeld in Sources */ = {isa = PBXBuildFile; fileRef = 056A29061D3CCB64005041A7 /* NSCoreData.xcdatamodeld */; };
		056A290A1D3CCB64005041A7 /* Assets.xcassets in Resources */ = {isa = PBXBuildFile; fileRef = 056A29091D3CCB64005041A7 /* Assets.xcassets */; };
		056A290D1D3CCB64005041A7 /* LaunchScreen.storyboard in Resources */ = {isa = PBXBuildFile; fileRef = 056A290B1D3CCB64005041A7 /* LaunchScreen.storyboard */; };
/* End PBXBuildFile section */

/* Begin PBXFileReference section */
		054B702A1D3D13D700CED8C0 /* NSCoreData 2.xcdatamodel */ = {isa = PBXFileReference; lastKnownFileType = wrapper.xcdatamodel; path = "NSCoreData 2.xcdatamodel"; sourceTree = "<group>"; };
		054B70471D3D172100CED8C0 /* NSCoreData 3.xcdatamodel */ = {isa = PBXFileReference; lastKnownFileType = wrapper.xcdatamodel; path = "NSCoreData 3.xcdatamodel"; sourceTree = "<group>"; };
		054B70481D3D178B00CED8C0 /* V1.0_To_V1.1.xcmappingmodel */ = {isa = PBXFileReference; lastKnownFileType = wrapper.xcmappingmodel; path = V1.0_To_V1.1.xcmappingmodel; sourceTree = "<group>"; };
		054B704A1D3D183A00CED8C0 /* Clothes+CoreDataProperties.h */ = {isa = PBXFileReference; fileEncoding = 4; lastKnownFileType = sourcecode.c.h; path = "Clothes+CoreDataProperties.h"; sourceTree = "<group>"; };
		054B704B1D3D183A00CED8C0 /* Clothes+CoreDataProperties.m */ = {isa = PBXFileReference; fileEncoding = 4; lastKnownFileType = sourcecode.c.objc; path = "Clothes+CoreDataProperties.m"; sourceTree = "<group>"; };
		054B704C1D3D183A00CED8C0 /* Clothes.h */ = {isa = PBXFileReference; fileEncoding = 4; lastKnownFileType = sourcecode.c.h; path = Clothes.h; sourceTree = "<group>"; };
		054B704D1D3D183A00CED8C0 /* Clothes.m */ = {isa = PBXFileReference; fileEncoding = 4; lastKnownFileType = sourcecode.c.objc; path = Clothes.m; sourceTree = "<group>"; };
		056A28F71D3CCB64005041A7 /* NSCoreData.app */ = {isa = PBXFileReference; explicitFileType = wrapper.application; includeInIndex = 0; path = NSCoreData.app; sourceTree = BUILT_PRODUCTS_DIR; };
		056A28FB1D3CCB64005041A7 /* main.m */ = {isa = PBXFileReference; lastKnownFileType = sourcecode.c.objc; path = main.m; sourceTree = "<group>"; };
		056A28FD1D3CCB64005041A7 /* AppDelegate.h */ = {isa = PBXFileReference; lastKnownFileType = sourcecode.c.h; path = AppDelegate.h; sourceTree = "<group>"; };
		056A28FE1D3CCB64005041A7 /* AppDelegate.m */ = {isa = PBXFileReference; lastKnownFileType = sourcecode.c.objc; path = AppDelegate.m; sourceTree = "<group>"; };
		056A29001D3CCB64005041A7 /* ViewController.h */ = {isa = PBXFileReference; lastKnownFileType = sourcecode.c.h; path = ViewController.h; sourceTree = "<group>"; };
		056A29011D3CCB64005041A7 /* ViewController.m */ = {isa = PBXFileReference; lastKnownFileType = sourcecode.c.objc; path = ViewController.m; sourceTree = "<group>"; };
		056A29041D3CCB64005041A7 /* Base */ = {isa = PBXFileReference; lastKnownFileType = file.storyboard; name = Base; path = Base.lproj/Main.storyboard; sourceTree = "<group>"; };
		056A29071D3CCB64005041A7 /* NSCoreData.xcdatamodel */ = {isa = PBXFileReference; lastKnownFileType = wrapper.xcdatamodel; path = NSCoreData.xcdatamodel; sourceTree = "<group>"; };
		056A29091D3CCB64005041A7 /* Assets.xcassets */ = {isa = PBXFileReference; lastKnownFileType = folder.assetcatalog; path = Assets.xcassets; sourceTree = "<group>"; };
		056A290C1D3CCB64005041A7 /* Base */ = {isa = PBXFileReference; lastKnownFileType = file.storyboard; name = Base; path = Base.lproj/LaunchScreen.storyboard; sourceTree = "<group>"; };
		056A290E1D3CCB64005041A7 /* Info.plist */ = {isa = PBXFileReference; lastKnownFileType = text.plist.xml; path = Info.plist; sourceTree = "<group>"; };
/* End PBXFileReference section */

/* Begin PBXFrameworksBuildPhase section */
		056A28F41D3CCB64005041A7 /* Frameworks */ = {
			isa = PBXFrameworksBuildPhase;
			buildActionMask = 2147483647;
			files = (
			);
			runOnlyForDeploymentPostprocessing = 0;
		};
/* End PBXFrameworksBuildPhase section */

/* Begin PBXGroup section */
		056A28EE1D3CCB64005041A7 = {
			isa = PBXGroup;
			children = (
				056A28F91D3CCB64005041A7 /* NSCoreData */,
				056A28F81D3CCB64005041A7 /* Products */,
			);
			sourceTree = "<group>";
		};
		056A28F81D3CCB64005041A7 /* Products */ = {
			isa = PBXGroup;
			children = (
				056A28F71D3CCB64005041A7 /* NSCoreData.app */,
			);
			name = Products;
			sourceTree = "<group>";
		};
		056A28F91D3CCB64005041A7 /* NSCoreData */ = {
			isa = PBXGroup;
			children = (
				054B704A1D3D183A00CED8C0 /* Clothes+CoreDataProperties.h */,
				054B704B1D3D183A00CED8C0 /* Clothes+CoreDataProperties.m */,
				054B704C1D3D183A00CED8C0 /* Clothes.h */,
				054B704D1D3D183A00CED8C0 /* Clothes.m */,
				056A28FD1D3CCB64005041A7 /* AppDelegate.h */,
				056A28FE1D3CCB64005041A7 /* AppDelegate.m */,
				056A29001D3CCB64005041A7 /* ViewController.h */,
				056A29011D3CCB64005041A7 /* ViewController.m */,
				056A29031D3CCB64005041A7 /* Main.storyboard */,
				056A29091D3CCB64005041A7 /* Assets.xcassets */,
				056A290B1D3CCB64005041A7 /* LaunchScreen.storyboard */,
				056A290E1D3CCB64005041A7 /* Info.plist */,
				054B70481D3D178B00CED8C0 /* V1.0_To_V1.1.xcmappingmodel */,
				056A29061D3CCB64005041A7 /* NSCoreData.xcdatamodeld */,
				056A28FA1D3CCB64005041A7 /* Supporting Files */,
			);
			path = NSCoreData;
			sourceTree = "<group>";
		};
		056A28FA1D3CCB64005041A7 /* Supporting Files */ = {
			isa = PBXGroup;
			children = (
				056A28FB1D3CCB64005041A7 /* main.m */,
			);
			name = "Supporting Files";
			sourceTree = "<group>";
		};
/* End PBXGroup section */

/* Begin PBXNativeTarget section */
		056A28F61D3CCB64005041A7 /* NSCoreData */ = {
			isa = PBXNativeTarget;
			buildConfigurationList = 056A29111D3CCB64005041A7 /* Build configuration list for PBXNativeTarget "NSCoreData" */;
			buildPhases = (
				056A28F31D3CCB64005041A7 /* Sources */,
				056A28F41D3CCB64005041A7 /* Frameworks */,
				056A28F51D3CCB64005041A7 /* Resources */,
			);
			buildRules = (
			);
			dependencies = (
			);
			name = NSCoreData;
			productName = NSCoreData;
			productReference = 056A28F71D3CCB64005041A7 /* NSCoreData.app */;
			productType = "com.apple.product-type.application";
		};
/* End PBXNativeTarget section */

/* Begin PBXProject section */
		056A28EF1D3CCB64005041A7 /* Project object */ = {
			isa = PBXProject;
			attributes = {
				LastUpgradeCheck = 0730;
				ORGANIZATIONNAME = lst;
				TargetAttributes = {
					056A28F61D3CCB64005041A7 = {
						CreatedOnToolsVersion = 7.3;
						DevelopmentTeam = NJE2QVC75F;
					};
				};
			};
			buildConfigurationList = 056A28F21D3CCB64005041A7 /* Build configuration list for PBXProject "NSCoreData" */;
			compatibilityVersion = "Xcode 3.2";
			developmentRegion = English;
			hasScannedForEncodings = 0;
			knownRegions = (
				en,
				Base,
			);
			mainGroup = 056A28EE1D3CCB64005041A7;
			productRefGroup = 056A28F81D3CCB64005041A7 /* Products */;
			projectDirPath = "";
			projectRoot = "";
			targets = (
				056A28F61D3CCB64005041A7 /* NSCoreData */,
			);
		};
/* End PBXProject section */

/* Begin PBXResourcesBuildPhase section */
		056A28F51D3CCB64005041A7 /* Resources */ = {
			isa = PBXResourcesBuildPhase;
			buildActionMask = 2147483647;
			files = (
				056A290D1D3CCB64005041A7 /* LaunchScreen.storyboard in Resources */,
				056A290A1D3CCB64005041A7 /* Assets.xcassets in Resources */,
				056A29051D3CCB64005041A7 /* Main.storyboard in Resources */,
			);
			runOnlyForDeploymentPostprocessing = 0;
		};
/* End PBXResourcesBuildPhase section */

/* Begin PBXSourcesBuildPhase section */
		056A28F31D3CCB64005041A7 /* Sources */ = {
			isa = PBXSourcesBuildPhase;
			buildActionMask = 2147483647;
			files = (
				054B704E1D3D183A00CED8C0 /* Clothes+CoreDataProperties.m in Sources */,
				056A29021D3CCB64005041A7 /* ViewController.m in Sources */,
				056A28FF1D3CCB64005041A7 /* AppDelegate.m in Sources */,
				056A28FC1D3CCB64005041A7 /* main.m in Sources */,
				054B70491D3D178B00CED8C0 /* V1.0_To_V1.1.xcmappingmodel in Sources */,
				056A29081D3CCB64005041A7 /* NSCoreData.xcdatamodeld in Sources */,
				054B704F1D3D183A00CED8C0 /* Clothes.m in Sources */,
			);
			runOnlyForDeploymentPostprocessing = 0;
		};
/* End PBXSourcesBuildPhase section */

/* Begin PBXVariantGroup section */
		056A29031D3CCB64005041A7 /* Main.storyboard */ = {
			isa = PBXVariantGroup;
			children = (
				056A29041D3CCB64005041A7 /* Base */,
			);
			name = Main.storyboard;
			sourceTree = "<group>";
		};
		056A290B1D3CCB64005041A7 /* LaunchScreen.storyboard */ = {
			isa = PBXVariantGroup;
			children = (
				056A290C1D3CCB64005041A7 /* Base */,
			);
			name = LaunchScreen.storyboard;
			sourceTree = "<group>";
		};
/* End PBXVariantGroup section */

/* Begin XCBuildConfiguration section */
		056A290F1D3CCB64005041A7 /* Debug */ = {
			isa = XCBuildConfiguration;
			buildSettings = {
				ALWAYS_SEARCH_USER_PATHS = NO;
				CLANG_ANALYZER_NONNULL = YES;
				CLANG_CXX_LANGUAGE_STANDARD = "gnu++0x";
				CLANG_CXX_LIBRARY = "libc++";
				CLANG_ENABLE_MODULES = YES;
				CLANG_ENABLE_OBJC_ARC = YES;
				CLANG_WARN_BOOL_CONVERSION = YES;
				CLANG_WARN_CONSTANT_CONVERSION = YES;
				CLANG_WARN_DIRECT_OBJC_ISA_USAGE = YES_ERROR;
				CLANG_WARN_EMPTY_BODY = YES;
				CLANG_WARN_ENUM_CONVERSION = YES;
				CLANG_WARN_INT_CONVERSION = YES;
				CLANG_WARN_OBJC_ROOT_CLASS = YES_ERROR;
				CLANG_WARN_UNREACHABLE_CODE = YES;
				CLANG_WARN__DUPLICATE_METHOD_MATCH = YES;
				"CODE_SIGN_IDENTITY[sdk=iphoneos*]" = "iPhone Developer";
				COPY_PHASE_STRIP = NO;
				DEBUG_INFORMATION_FORMAT = dwarf;
				ENABLE_STRICT_OBJC_MSGSEND = YES;
				ENABLE_TESTABILITY = YES;
				GCC_C_LANGUAGE_STANDARD = gnu99;
				GCC_DYNAMIC_NO_PIC = NO;
				GCC_NO_COMMON_BLOCKS = YES;
				GCC_OPTIMIZATION_LEVEL = 0;
				GCC_PREPROCESSOR_DEFINITIONS = (
					"DEBUG=1",
					"$(inherited)",
				);
				GCC_WARN_64_TO_32_BIT_CONVERSION = YES;
				GCC_WARN_ABOUT_RETURN_TYPE = YES_ERROR;
				GCC_WARN_UNDECLARED_SELECTOR = YES;
				GCC_WARN_UNINITIALIZED_AUTOS = YES_AGGRESSIVE;
				GCC_WARN_UNUSED_FUNCTION = YES;
				GCC_WARN_UNUSED_VARIABLE = YES;
				IPHONEOS_DEPLOYMENT_TARGET = 9.3;
				MTL_ENABLE_DEBUG_INFO = YES;
				ONLY_ACTIVE_ARCH = YES;
				SDKROOT = iphoneos;
			};
			name = Debug;
		};
		056A29101D3CCB64005041A7 /* Release */ = {
			isa = XCBuildConfiguration;
			buildSettings = {
				ALWAYS_SEARCH_USER_PATHS = NO;
				CLANG_ANALYZER_NONNULL = YES;
				CLANG_CXX_LANGUAGE_STANDARD = "gnu++0x";
				CLANG_CXX_LIBRARY = "libc++";
				CLANG_ENABLE_MODULES = YES;
				CLANG_ENABLE_OBJC_ARC = YES;
				CLANG_WARN_BOOL_CONVERSION = YES;
				CLANG_WARN_CONSTANT_CONVERSION = YES;
				CLANG_WARN_DIRECT_OBJC_ISA_USAGE = YES_ERROR;
				CLANG_WARN_EMPTY_BODY = YES;
				CLANG_WARN_ENUM_CONVERSION = YES;
				CLANG_WARN_INT_CONVERSION = YES;
				CLANG_WARN_OBJC_ROOT_CLASS = YES_ERROR;
				CLANG_WARN_UNREACHABLE_CODE = YES;
				CLANG_WARN__DUPLICATE_METHOD_MATCH = YES;
				"CODE_SIGN_IDENTITY[sdk=iphoneos*]" = "iPhone Developer";
				COPY_PHASE_STRIP = NO;
				DEBUG_INFORMATION_FORMAT = "dwarf-with-dsym";
				ENABLE_NS_ASSERTIONS = NO;
				ENABLE_STRICT_OBJC_MSGSEND = YES;
				GCC_C_LANGUAGE_STANDARD = gnu99;
				GCC_NO_COMMON_BLOCKS = YES;
				GCC_WARN_64_TO_32_BIT_CONVERSION = YES;
				GCC_WARN_ABOUT_RETURN_TYPE = YES_ERROR;
				GCC_WARN_UNDECLARED_SELECTOR = YES;
				GCC_WARN_UNINITIALIZED_AUTOS = YES_AGGRESSIVE;
				GCC_WARN_UNUSED_FUNCTION = YES;
				GCC_WARN_UNUSED_VARIABLE = YES;
				IPHONEOS_DEPLOYMENT_TARGET = 9.3;
				MTL_ENABLE_DEBUG_INFO = NO;
				SDKROOT = iphoneos;
				VALIDATE_PRODUCT = YES;
			};
			name = Release;
		};
		056A29121D3CCB64005041A7 /* Debug */ = {
			isa = XCBuildConfiguration;
			buildSettings = {
				ASSETCATALOG_COMPILER_APPICON_NAME = AppIcon;
				INFOPLIST_FILE = NSCoreData/Info.plist;
				LD_RUNPATH_SEARCH_PATHS = "$(inherited) @executable_path/Frameworks";
				PRODUCT_BUNDLE_IDENTIFIER = itcast.NSCoreData;
				PRODUCT_NAME = "$(TARGET_NAME)";
			};
			name = Debug;
		};
		056A29131D3CCB64005041A7 /* Release */ = {
			isa = XCBuildConfiguration;
			buildSettings = {
				ASSETCATALOG_COMPILER_APPICON_NAME = AppIcon;
				INFOPLIST_FILE = NSCoreData/Info.plist;
				LD_RUNPATH_SEARCH_PATHS = "$(inherited) @executable_path/Frameworks";
				PRODUCT_BUNDLE_IDENTIFIER = itcast.NSCoreData;
				PRODUCT_NAME = "$(TARGET_NAME)";
			};
			name = Release;
		};
/* End XCBuildConfiguration section */

/* Begin XCConfigurationList section */
		056A28F21D3CCB64005041A7 /* Build configuration list for PBXProject "NSCoreData" */ = {
			isa = XCConfigurationList;
			buildConfigurations = (
				056A290F1D3CCB64005041A7 /* Debug */,
				056A29101D3CCB64005041A7 /* Release */,
			);
			defaultConfigurationIsVisible = 0;
			defaultConfigurationName = Release;
		};
		056A29111D3CCB64005041A7 /* Build configuration list for PBXNativeTarget "NSCoreData" */ = {
			isa = XCConfigurationList;
			buildConfigurations = (
				056A29121D3CCB64005041A7 /* Debug */,
				056A29131D3CCB64005041A7 /* Release */,
			);
			defaultConfigurationIsVisible = 0;
			defaultConfigurationName = Release;
		};
/* End XCConfigurationList section */

/* Begin XCVersionGroup section */
		056A29061D3CCB64005041A7 /* NSCoreData.xcdatamodeld */ = {
			isa = XCVersionGroup;
			children = (
				054B70471D3D172100CED8C0 /* NSCoreData 3.xcdatamodel */,
				054B702A1D3D13D700CED8C0 /* NSCoreData 2.xcdatamodel */,
				056A29071D3CCB64005041A7 /* NSCoreData.xcdatamodel */,
			);
			currentVersion = 054B70471D3D172100CED8C0 /* NSCoreData 3.xcdatamodel */;
			path = NSCoreData.xcdatamodeld;
			sourceTree = "<group>";
			versionGroupType = wrapper.xcdatamodel;
		};
/* End XCVersionGroup section */
	};
	rootObject = 056A28EF1D3CCB64005041A7 /* Project object */;
}
